// !$*UTF8*$!
{
	archiveVersion = 1;
	classes = {
	};
	objectVersion = 50;
	objects = {

/* Begin PBXBuildFile section */
		FA0C9C78223D1DC4001F13D3 /* Assets.xcassets in Resources */ = {isa = PBXBuildFile; fileRef = FA0C9C77223D1DC4001F13D3 /* Assets.xcassets */; };
		FA0C9C7A223D1F48001F13D3 /* FunctionsForViewControllers.swift in Sources */ = {isa = PBXBuildFile; fileRef = FA0C9C79223D1F48001F13D3 /* FunctionsForViewControllers.swift */; };
		FA0C9C7C2247C5B5001F13D3 /* URLSessionFake.swift in Sources */ = {isa = PBXBuildFile; fileRef = FA0C9C7B2247C5B5001F13D3 /* URLSessionFake.swift */; };
		FA0C9C7E2247CD4F001F13D3 /* Weather.json in Resources */ = {isa = PBXBuildFile; fileRef = FA0C9C7D2247CD4F001F13D3 /* Weather.json */; };
		FA0C9C802247D2DD001F13D3 /* Translation.json in Resources */ = {isa = PBXBuildFile; fileRef = FA0C9C7F2247D2DD001F13D3 /* Translation.json */; };
		FA4CCEA1222C14D1006C9967 /* ExchangeRateService.swift in Sources */ = {isa = PBXBuildFile; fileRef = FA4CCEA0222C14D1006C9967 /* ExchangeRateService.swift */; };
		FA4CCEA9222C284C006C9967 /* AmericanDreamTests.swift in Sources */ = {isa = PBXBuildFile; fileRef = FA4CCEA8222C284C006C9967 /* AmericanDreamTests.swift */; };
		FA4CCEB1222C3F98006C9967 /* VariousExtensions.swift in Sources */ = {isa = PBXBuildFile; fileRef = FA4CCEB0222C3F98006C9967 /* VariousExtensions.swift */; };
		FA4CCEB322328671006C9967 /* ExchangeRate.json in Resources */ = {isa = PBXBuildFile; fileRef = FA4CCEB222328671006C9967 /* ExchangeRate.json */; };
		FA4CCEB52232868E006C9967 /* FakeResponseData.swift in Sources */ = {isa = PBXBuildFile; fileRef = FA4CCEB42232868E006C9967 /* FakeResponseData.swift */; };
		FAA8F4892235778A0053A316 /* TranslationViewController.swift in Sources */ = {isa = PBXBuildFile; fileRef = FAA8F4882235778A0053A316 /* TranslationViewController.swift */; };
		FAA8F48B2235791A0053A316 /* TranslationService.swift in Sources */ = {isa = PBXBuildFile; fileRef = FAA8F48A2235791A0053A316 /* TranslationService.swift */; };
		FAA8F48F2237E91E0053A316 /* WeatherViewController.swift in Sources */ = {isa = PBXBuildFile; fileRef = FAA8F48E2237E91E0053A316 /* WeatherViewController.swift */; };
		FAA8F4912237EB920053A316 /* WeatherForecastService.swift in Sources */ = {isa = PBXBuildFile; fileRef = FAA8F4902237EB920053A316 /* WeatherForecastService.swift */; };
		FABB9AED222B372000D131E0 /* AppDelegate.swift in Sources */ = {isa = PBXBuildFile; fileRef = FABB9AEC222B372000D131E0 /* AppDelegate.swift */; };
		FABB9AF2222B372000D131E0 /* Main.storyboard in Resources */ = {isa = PBXBuildFile; fileRef = FABB9AF0222B372000D131E0 /* Main.storyboard */; };
		FABB9AF7222B372100D131E0 /* LaunchScreen.storyboard in Resources */ = {isa = PBXBuildFile; fileRef = FABB9AF5222B372100D131E0 /* LaunchScreen.storyboard */; };
		FABB9B03222B3BC700D131E0 /* ExchangeRateViewController.swift in Sources */ = {isa = PBXBuildFile; fileRef = FABB9B02222B3BC700D131E0 /* ExchangeRateViewController.swift */; };
/* End PBXBuildFile section */

/* Begin PBXContainerItemProxy section */
		FA4CCEAB222C284C006C9967 /* PBXContainerItemProxy */ = {
			isa = PBXContainerItemProxy;
			containerPortal = FABB9AE1222B372000D131E0 /* Project object */;
			proxyType = 1;
			remoteGlobalIDString = FABB9AE8222B372000D131E0;
			remoteInfo = AmericanDream;
		};
/* End PBXContainerItemProxy section */

/* Begin PBXFileReference section */
		FA0C9C77223D1DC4001F13D3 /* Assets.xcassets */ = {isa = PBXFileReference; lastKnownFileType = folder.assetcatalog; path = Assets.xcassets; sourceTree = "<group>"; };
		FA0C9C79223D1F48001F13D3 /* FunctionsForViewControllers.swift */ = {isa = PBXFileReference; lastKnownFileType = sourcecode.swift; path = FunctionsForViewControllers.swift; sourceTree = "<group>"; };
		FA0C9C7B2247C5B5001F13D3 /* URLSessionFake.swift */ = {isa = PBXFileReference; lastKnownFileType = sourcecode.swift; path = URLSessionFake.swift; sourceTree = "<group>"; };
		FA0C9C7D2247CD4F001F13D3 /* Weather.json */ = {isa = PBXFileReference; lastKnownFileType = text.json; path = Weather.json; sourceTree = "<group>"; };
		FA0C9C7F2247D2DD001F13D3 /* Translation.json */ = {isa = PBXFileReference; lastKnownFileType = text.json; path = Translation.json; sourceTree = "<group>"; };
		FA4CCEA0222C14D1006C9967 /* ExchangeRateService.swift */ = {isa = PBXFileReference; lastKnownFileType = sourcecode.swift; path = ExchangeRateService.swift; sourceTree = "<group>"; };
		FA4CCEA6222C284C006C9967 /* AmericanDreamTests.xctest */ = {isa = PBXFileReference; explicitFileType = wrapper.cfbundle; includeInIndex = 0; path = AmericanDreamTests.xctest; sourceTree = BUILT_PRODUCTS_DIR; };
		FA4CCEA8222C284C006C9967 /* AmericanDreamTests.swift */ = {isa = PBXFileReference; lastKnownFileType = sourcecode.swift; path = AmericanDreamTests.swift; sourceTree = "<group>"; };
		FA4CCEAA222C284C006C9967 /* Info.plist */ = {isa = PBXFileReference; lastKnownFileType = text.plist.xml; path = Info.plist; sourceTree = "<group>"; };
		FA4CCEB0222C3F98006C9967 /* VariousExtensions.swift */ = {isa = PBXFileReference; lastKnownFileType = sourcecode.swift; path = VariousExtensions.swift; sourceTree = "<group>"; };
		FA4CCEB222328671006C9967 /* ExchangeRate.json */ = {isa = PBXFileReference; lastKnownFileType = text.json; path = ExchangeRate.json; sourceTree = "<group>"; };
		FA4CCEB42232868E006C9967 /* FakeResponseData.swift */ = {isa = PBXFileReference; lastKnownFileType = sourcecode.swift; path = FakeResponseData.swift; sourceTree = "<group>"; };
		FAA8F4882235778A0053A316 /* TranslationViewController.swift */ = {isa = PBXFileReference; lastKnownFileType = sourcecode.swift; path = TranslationViewController.swift; sourceTree = "<group>"; };
		FAA8F48A2235791A0053A316 /* TranslationService.swift */ = {isa = PBXFileReference; lastKnownFileType = sourcecode.swift; path = TranslationService.swift; sourceTree = "<group>"; };
		FAA8F48E2237E91E0053A316 /* WeatherViewController.swift */ = {isa = PBXFileReference; lastKnownFileType = sourcecode.swift; path = WeatherViewController.swift; sourceTree = "<group>"; };
		FAA8F4902237EB920053A316 /* WeatherForecastService.swift */ = {isa = PBXFileReference; lastKnownFileType = sourcecode.swift; path = WeatherForecastService.swift; sourceTree = "<group>"; };
		FABB9AE9222B372000D131E0 /* AmericanDream.app */ = {isa = PBXFileReference; explicitFileType = wrapper.application; includeInIndex = 0; path = AmericanDream.app; sourceTree = BUILT_PRODUCTS_DIR; };
		FABB9AEC222B372000D131E0 /* AppDelegate.swift */ = {isa = PBXFileReference; lastKnownFileType = sourcecode.swift; path = AppDelegate.swift; sourceTree = "<group>"; };
		FABB9AF1222B372000D131E0 /* Base */ = {isa = PBXFileReference; lastKnownFileType = file.storyboard; name = Base; path = Base.lproj/Main.storyboard; sourceTree = "<group>"; };
		FABB9AF6222B372100D131E0 /* Base */ = {isa = PBXFileReference; lastKnownFileType = file.storyboard; name = Base; path = Base.lproj/LaunchScreen.storyboard; sourceTree = "<group>"; };
		FABB9AF8222B372100D131E0 /* Info.plist */ = {isa = PBXFileReference; lastKnownFileType = text.plist.xml; path = Info.plist; sourceTree = "<group>"; };
		FABB9B02222B3BC700D131E0 /* ExchangeRateViewController.swift */ = {isa = PBXFileReference; lastKnownFileType = sourcecode.swift; path = ExchangeRateViewController.swift; sourceTree = "<group>"; };
/* End PBXFileReference section */

/* Begin PBXFrameworksBuildPhase section */
		FA4CCEA3222C284C006C9967 /* Frameworks */ = {
			isa = PBXFrameworksBuildPhase;
			buildActionMask = 2147483647;
			files = (
			);
			runOnlyForDeploymentPostprocessing = 0;
		};
		FABB9AE6222B372000D131E0 /* Frameworks */ = {
			isa = PBXFrameworksBuildPhase;
			buildActionMask = 2147483647;
			files = (
			);
			runOnlyForDeploymentPostprocessing = 0;
		};
/* End PBXFrameworksBuildPhase section */

/* Begin PBXGroup section */
		FA4CCE9F222C14C3006C9967 /* Model */ = {
			isa = PBXGroup;
			children = (
				FA4CCEA0222C14D1006C9967 /* ExchangeRateService.swift */,
				FAA8F48A2235791A0053A316 /* TranslationService.swift */,
				FAA8F4902237EB920053A316 /* WeatherForecastService.swift */,
			);
			path = Model;
			sourceTree = "<group>";
		};
		FA4CCEA7222C284C006C9967 /* AmericanDreamTests */ = {
			isa = PBXGroup;
			children = (
				FA4CCEA8222C284C006C9967 /* AmericanDreamTests.swift */,
				FA4CCEAA222C284C006C9967 /* Info.plist */,
				FA4CCEB222328671006C9967 /* ExchangeRate.json */,
				FA4CCEB42232868E006C9967 /* FakeResponseData.swift */,
				FA0C9C7B2247C5B5001F13D3 /* URLSessionFake.swift */,
				FA0C9C7D2247CD4F001F13D3 /* Weather.json */,
				FA0C9C7F2247D2DD001F13D3 /* Translation.json */,
			);
			path = AmericanDreamTests;
			sourceTree = "<group>";
		};
		FABB9AE0222B372000D131E0 = {
			isa = PBXGroup;
			children = (
				FABB9AEB222B372000D131E0 /* AmericanDream */,
				FA4CCEA7222C284C006C9967 /* AmericanDreamTests */,
				FABB9AEA222B372000D131E0 /* Products */,
			);
			sourceTree = "<group>";
		};
		FABB9AEA222B372000D131E0 /* Products */ = {
			isa = PBXGroup;
			children = (
				FABB9AE9222B372000D131E0 /* AmericanDream.app */,
				FA4CCEA6222C284C006C9967 /* AmericanDreamTests.xctest */,
			);
			name = Products;
			sourceTree = "<group>";
		};
		FABB9AEB222B372000D131E0 /* AmericanDream */ = {
			isa = PBXGroup;
			children = (
				FA4CCE9F222C14C3006C9967 /* Model */,
				FABB9B00222B373A00D131E0 /* View */,
				FABB9AFF222B373200D131E0 /* Controller */,
				FABB9B01222B374A00D131E0 /* Supporting Files */,
			);
			path = AmericanDream;
			sourceTree = "<group>";
		};
		FABB9AFF222B373200D131E0 /* Controller */ = {
			isa = PBXGroup;
			children = (
				FABB9B02222B3BC700D131E0 /* ExchangeRateViewController.swift */,
				FAA8F4882235778A0053A316 /* TranslationViewController.swift */,
				FAA8F48E2237E91E0053A316 /* WeatherViewController.swift */,
			);
			path = Controller;
			sourceTree = "<group>";
		};
		FABB9B00222B373A00D131E0 /* View */ = {
			isa = PBXGroup;
			children = (
				FABB9AF0222B372000D131E0 /* Main.storyboard */,
				FABB9AF5222B372100D131E0 /* LaunchScreen.storyboard */,
			);
			path = View;
			sourceTree = "<group>";
		};
		FABB9B01222B374A00D131E0 /* Supporting Files */ = {
			isa = PBXGroup;
			children = (
				FA0C9C77223D1DC4001F13D3 /* Assets.xcassets */,
				FA0C9C79223D1F48001F13D3 /* FunctionsForViewControllers.swift */,
				FABB9AEC222B372000D131E0 /* AppDelegate.swift */,
				FABB9AF8222B372100D131E0 /* Info.plist */,
				FA4CCEB0222C3F98006C9967 /* VariousExtensions.swift */,
			);
			path = "Supporting Files";
			sourceTree = "<group>";
		};
/* End PBXGroup section */

/* Begin PBXNativeTarget section */
		FA4CCEA5222C284C006C9967 /* AmericanDreamTests */ = {
			isa = PBXNativeTarget;
			buildConfigurationList = FA4CCEAF222C284C006C9967 /* Build configuration list for PBXNativeTarget "AmericanDreamTests" */;
			buildPhases = (
				FA4CCEA2222C284C006C9967 /* Sources */,
				FA4CCEA3222C284C006C9967 /* Frameworks */,
				FA4CCEA4222C284C006C9967 /* Resources */,
			);
			buildRules = (
			);
			dependencies = (
				FA4CCEAC222C284C006C9967 /* PBXTargetDependency */,
			);
			name = AmericanDreamTests;
			productName = AmericanDreamTests;
			productReference = FA4CCEA6222C284C006C9967 /* AmericanDreamTests.xctest */;
			productType = "com.apple.product-type.bundle.unit-test";
		};
		FABB9AE8222B372000D131E0 /* AmericanDream */ = {
			isa = PBXNativeTarget;
			buildConfigurationList = FABB9AFB222B372100D131E0 /* Build configuration list for PBXNativeTarget "AmericanDream" */;
			buildPhases = (
				FABB9AE5222B372000D131E0 /* Sources */,
				FABB9AE6222B372000D131E0 /* Frameworks */,
				FABB9AE7222B372000D131E0 /* Resources */,
			);
			buildRules = (
			);
			dependencies = (
			);
			name = AmericanDream;
			productName = AmericanDream;
			productReference = FABB9AE9222B372000D131E0 /* AmericanDream.app */;
			productType = "com.apple.product-type.application";
		};
/* End PBXNativeTarget section */

/* Begin PBXProject section */
		FABB9AE1222B372000D131E0 /* Project object */ = {
			isa = PBXProject;
			attributes = {
				LastSwiftUpdateCheck = 1010;
				LastUpgradeCheck = 1010;
				ORGANIZATIONNAME = "Alexandre Holet";
				TargetAttributes = {
					FA4CCEA5222C284C006C9967 = {
						CreatedOnToolsVersion = 10.1;
						TestTargetID = FABB9AE8222B372000D131E0;
					};
					FABB9AE8222B372000D131E0 = {
						CreatedOnToolsVersion = 10.1;
					};
				};
			};
			buildConfigurationList = FABB9AE4222B372000D131E0 /* Build configuration list for PBXProject "AmericanDream" */;
			compatibilityVersion = "Xcode 9.3";
			developmentRegion = en;
			hasScannedForEncodings = 0;
			knownRegions = (
				en,
				Base,
			);
			mainGroup = FABB9AE0222B372000D131E0;
			productRefGroup = FABB9AEA222B372000D131E0 /* Products */;
			projectDirPath = "";
			projectRoot = "";
			targets = (
				FABB9AE8222B372000D131E0 /* AmericanDream */,
				FA4CCEA5222C284C006C9967 /* AmericanDreamTests */,
			);
		};
/* End PBXProject section */

/* Begin PBXResourcesBuildPhase section */
		FA4CCEA4222C284C006C9967 /* Resources */ = {
			isa = PBXResourcesBuildPhase;
			buildActionMask = 2147483647;
			files = (
				FA0C9C7E2247CD4F001F13D3 /* Weather.json in Resources */,
				FA4CCEB322328671006C9967 /* ExchangeRate.json in Resources */,
				FA0C9C802247D2DD001F13D3 /* Translation.json in Resources */,
			);
			runOnlyForDeploymentPostprocessing = 0;
		};
		FABB9AE7222B372000D131E0 /* Resources */ = {
			isa = PBXResourcesBuildPhase;
			buildActionMask = 2147483647;
			files = (
				FABB9AF7222B372100D131E0 /* LaunchScreen.storyboard in Resources */,
				FA0C9C78223D1DC4001F13D3 /* Assets.xcassets in Resources */,
				FABB9AF2222B372000D131E0 /* Main.storyboard in Resources */,
			);
			runOnlyForDeploymentPostprocessing = 0;
		};
/* End PBXResourcesBuildPhase section */

/* Begin PBXSourcesBuildPhase section */
		FA4CCEA2222C284C006C9967 /* Sources */ = {
			isa = PBXSourcesBuildPhase;
			buildActionMask = 2147483647;
			files = (
				FA4CCEA9222C284C006C9967 /* AmericanDreamTests.swift in Sources */,
				FA0C9C7C2247C5B5001F13D3 /* URLSessionFake.swift in Sources */,
				FA4CCEB52232868E006C9967 /* FakeResponseData.swift in Sources */,
			);
			runOnlyForDeploymentPostprocessing = 0;
		};
		FABB9AE5222B372000D131E0 /* Sources */ = {
			isa = PBXSourcesBuildPhase;
			buildActionMask = 2147483647;
			files = (
				FA4CCEA1222C14D1006C9967 /* ExchangeRateService.swift in Sources */,
				FABB9B03222B3BC700D131E0 /* ExchangeRateViewController.swift in Sources */,
				FAA8F4912237EB920053A316 /* WeatherForecastService.swift in Sources */,
				FA0C9C7A223D1F48001F13D3 /* FunctionsForViewControllers.swift in Sources */,
				FAA8F4892235778A0053A316 /* TranslationViewController.swift in Sources */,
				FA4CCEB1222C3F98006C9967 /* VariousExtensions.swift in Sources */,
				FAA8F48F2237E91E0053A316 /* WeatherViewController.swift in Sources */,
				FAA8F48B2235791A0053A316 /* TranslationService.swift in Sources */,
				FABB9AED222B372000D131E0 /* AppDelegate.swift in Sources */,
			);
			runOnlyForDeploymentPostprocessing = 0;
		};
/* End PBXSourcesBuildPhase section */

/* Begin PBXTargetDependency section */
		FA4CCEAC222C284C006C9967 /* PBXTargetDependency */ = {
			isa = PBXTargetDependency;
			target = FABB9AE8222B372000D131E0 /* AmericanDream */;
			targetProxy = FA4CCEAB222C284C006C9967 /* PBXContainerItemProxy */;
		};
/* End PBXTargetDependency section */

/* Begin PBXVariantGroup section */
		FABB9AF0222B372000D131E0 /* Main.storyboard */ = {
			isa = PBXVariantGroup;
			children = (
				FABB9AF1222B372000D131E0 /* Base */,
			);
			name = Main.storyboard;
			sourceTree = "<group>";
		};
		FABB9AF5222B372100D131E0 /* LaunchScreen.storyboard */ = {
			isa = PBXVariantGroup;
			children = (
				FABB9AF6222B372100D131E0 /* Base */,
			);
			name = LaunchScreen.storyboard;
			sourceTree = "<group>";
		};
/* End PBXVariantGroup section */

/* Begin XCBuildConfiguration section */
		FA4CCEAD222C284C006C9967 /* Debug */ = {
			isa = XCBuildConfiguration;
			buildSettings = {
				BUNDLE_LOADER = "$(TEST_HOST)";
				CODE_SIGN_STYLE = Automatic;
				DEVELOPMENT_TEAM = 529LRG4ZS2;
				INFOPLIST_FILE = AmericanDreamTests/Info.plist;
				LD_RUNPATH_SEARCH_PATHS = (
					"$(inherited)",
					"@executable_path/Frameworks",
					"@loader_path/Frameworks",
				);
				PRODUCT_BUNDLE_IDENTIFIER = fr.alexandreholet.AmericanDreamTests;
				PRODUCT_NAME = "$(TARGET_NAME)";
				SWIFT_VERSION = 4.2;
				TARGETED_DEVICE_FAMILY = "1,2";
				TEST_HOST = "$(BUILT_PRODUCTS_DIR)/AmericanDream.app/AmericanDream";
			};
			name = Debug;
		};
		FA4CCEAE222C284C006C9967 /* Release */ = {
			isa = XCBuildConfiguration;
			buildSettings = {
				BUNDLE_LOADER = "$(TEST_HOST)";
				CODE_SIGN_STYLE = Automatic;
				DEVELOPMENT_TEAM = 529LRG4ZS2;
				INFOPLIST_FILE = AmericanDreamTests/Info.plist;
				LD_RUNPATH_SEARCH_PATHS = (
					"$(inherited)",
					"@executable_path/Frameworks",
					"@loader_path/Frameworks",
				);
				PRODUCT_BUNDLE_IDENTIFIER = fr.alexandreholet.AmericanDreamTests;
				PRODUCT_NAME = "$(TARGET_NAME)";
				SWIFT_VERSION = 4.2;
				TARGETED_DEVICE_FAMILY = "1,2";
				TEST_HOST = "$(BUILT_PRODUCTS_DIR)/AmericanDream.app/AmericanDream";
			};
			name = Release;
		};
		FABB9AF9222B372100D131E0 /* Debug */ = {
			isa = XCBuildConfiguration;
			buildSettings = {
				ALWAYS_SEARCH_USER_PATHS = NO;
				CLANG_ANALYZER_NONNULL = YES;
				CLANG_ANALYZER_NUMBER_OBJECT_CONVERSION = YES_AGGRESSIVE;
				CLANG_CXX_LANGUAGE_STANDARD = "gnu++14";
				CLANG_CXX_LIBRARY = "libc++";
				CLANG_ENABLE_MODULES = YES;
				CLANG_ENABLE_OBJC_ARC = YES;
				CLANG_ENABLE_OBJC_WEAK = YES;
				CLANG_WARN_BLOCK_CAPTURE_AUTORELEASING = YES;
				CLANG_WARN_BOOL_CONVERSION = YES;
				CLANG_WARN_COMMA = YES;
				CLANG_WARN_CONSTANT_CONVERSION = YES;
				CLANG_WARN_DEPRECATED_OBJC_IMPLEMENTATIONS = YES;
				CLANG_WARN_DIRECT_OBJC_ISA_USAGE = YES_ERROR;
				CLANG_WARN_DOCUMENTATION_COMMENTS = YES;
				CLANG_WARN_EMPTY_BODY = YES;
				CLANG_WARN_ENUM_CONVERSION = YES;
				CLANG_WARN_INFINITE_RECURSION = YES;
				CLANG_WARN_INT_CONVERSION = YES;
				CLANG_WARN_NON_LITERAL_NULL_CONVERSION = YES;
				CLANG_WARN_OBJC_IMPLICIT_RETAIN_SELF = YES;
				CLANG_WARN_OBJC_LITERAL_CONVERSION = YES;
				CLANG_WARN_OBJC_ROOT_CLASS = YES_ERROR;
				CLANG_WARN_RANGE_LOOP_ANALYSIS = YES;
				CLANG_WARN_STRICT_PROTOTYPES = YES;
				CLANG_WARN_SUSPICIOUS_MOVE = YES;
				CLANG_WARN_UNGUARDED_AVAILABILITY = YES_AGGRESSIVE;
				CLANG_WARN_UNREACHABLE_CODE = YES;
				CLANG_WARN__DUPLICATE_METHOD_MATCH = YES;
				CODE_SIGN_IDENTITY = "iPhone Developer";
				COPY_PHASE_STRIP = NO;
				DEBUG_INFORMATION_FORMAT = dwarf;
				ENABLE_STRICT_OBJC_MSGSEND = YES;
				ENABLE_TESTABILITY = YES;
				GCC_C_LANGUAGE_STANDARD = gnu11;
				GCC_DYNAMIC_NO_PIC = NO;
				GCC_NO_COMMON_BLOCKS = YES;
				GCC_OPTIMIZATION_LEVEL = 0;
				GCC_PREPROCESSOR_DEFINITIONS = (
					"DEBUG=1",
					"$(inherited)",
				);
				GCC_WARN_64_TO_32_BIT_CONVERSION = YES;
				GCC_WARN_ABOUT_RETURN_TYPE = YES_ERROR;
				GCC_WARN_UNDECLARED_SELECTOR = YES;
				GCC_WARN_UNINITIALIZED_AUTOS = YES_AGGRESSIVE;
				GCC_WARN_UNUSED_FUNCTION = YES;
				GCC_WARN_UNUSED_VARIABLE = YES;
				IPHONEOS_DEPLOYMENT_TARGET = 12.1;
				MTL_ENABLE_DEBUG_INFO = INCLUDE_SOURCE;
				MTL_FAST_MATH = YES;
				ONLY_ACTIVE_ARCH = YES;
				SDKROOT = iphoneos;
				SWIFT_ACTIVE_COMPILATION_CONDITIONS = DEBUG;
				SWIFT_OPTIMIZATION_LEVEL = "-Onone";
			};
			name = Debug;
		};
		FABB9AFA222B372100D131E0 /* Release */ = {
			isa = XCBuildConfiguration;
			buildSettings = {
				ALWAYS_SEARCH_USER_PATHS = NO;
				CLANG_ANALYZER_NONNULL = YES;
				CLANG_ANALYZER_NUMBER_OBJECT_CONVERSION = YES_AGGRESSIVE;
				CLANG_CXX_LANGUAGE_STANDARD = "gnu++14";
				CLANG_CXX_LIBRARY = "libc++";
				CLANG_ENABLE_MODULES = YES;
				CLANG_ENABLE_OBJC_ARC = YES;
				CLANG_ENABLE_OBJC_WEAK = YES;
				CLANG_WARN_BLOCK_CAPTURE_AUTORELEASING = YES;
				CLANG_WARN_BOOL_CONVERSION = YES;
				CLANG_WARN_COMMA = YES;
				CLANG_WARN_CONSTANT_CONVERSION = YES;
				CLANG_WARN_DEPRECATED_OBJC_IMPLEMENTATIONS = YES;
				CLANG_WARN_DIRECT_OBJC_ISA_USAGE = YES_ERROR;
				CLANG_WARN_DOCUMENTATION_COMMENTS = YES;
				CLANG_WARN_EMPTY_BODY = YES;
				CLANG_WARN_ENUM_CONVERSION = YES;
				CLANG_WARN_INFINITE_RECURSION = YES;
				CLANG_WARN_INT_CONVERSION = YES;
				CLANG_WARN_NON_LITERAL_NULL_CONVERSION = YES;
				CLANG_WARN_OBJC_IMPLICIT_RETAIN_SELF = YES;
				CLANG_WARN_OBJC_LITERAL_CONVERSION = YES;
				CLANG_WARN_OBJC_ROOT_CLASS = YES_ERROR;
				CLANG_WARN_RANGE_LOOP_ANALYSIS = YES;
				CLANG_WARN_STRICT_PROTOTYPES = YES;
				CLANG_WARN_SUSPICIOUS_MOVE = YES;
				CLANG_WARN_UNGUARDED_AVAILABILITY = YES_AGGRESSIVE;
				CLANG_WARN_UNREACHABLE_CODE = YES;
				CLANG_WARN__DUPLICATE_METHOD_MATCH = YES;
				CODE_SIGN_IDENTITY = "iPhone Developer";
				COPY_PHASE_STRIP = NO;
				DEBUG_INFORMATION_FORMAT = "dwarf-with-dsym";
				ENABLE_NS_ASSERTIONS = NO;
				ENABLE_STRICT_OBJC_MSGSEND = YES;
				GCC_C_LANGUAGE_STANDARD = gnu11;
				GCC_NO_COMMON_BLOCKS = YES;
				GCC_WARN_64_TO_32_BIT_CONVERSION = YES;
				GCC_WARN_ABOUT_RETURN_TYPE = YES_ERROR;
				GCC_WARN_UNDECLARED_SELECTOR = YES;
				GCC_WARN_UNINITIALIZED_AUTOS = YES_AGGRESSIVE;
				GCC_WARN_UNUSED_FUNCTION = YES;
				GCC_WARN_UNUSED_VARIABLE = YES;
				IPHONEOS_DEPLOYMENT_TARGET = 12.1;
				MTL_ENABLE_DEBUG_INFO = NO;
				MTL_FAST_MATH = YES;
				SDKROOT = iphoneos;
				SWIFT_COMPILATION_MODE = wholemodule;
				SWIFT_OPTIMIZATION_LEVEL = "-O";
				VALIDATE_PRODUCT = YES;
			};
			name = Release;
		};
		FABB9AFC222B372100D131E0 /* Debug */ = {
			isa = XCBuildConfiguration;
			buildSettings = {
				ASSETCATALOG_COMPILER_APPICON_NAME = AppIcon;
				CODE_SIGN_STYLE = Automatic;
				DEVELOPMENT_TEAM = 529LRG4ZS2;
				INFOPLIST_FILE = "AmericanDream/Supporting Files/Info.plist";
				IPHONEOS_DEPLOYMENT_TARGET = 10.3;
				LD_RUNPATH_SEARCH_PATHS = (
					"$(inherited)",
					"@executable_path/Frameworks",
				);
				PRODUCT_BUNDLE_IDENTIFIER = fr.alexandreholet.AmericanDream;
				PRODUCT_NAME = "$(TARGET_NAME)";
				SWIFT_VERSION = 4.2;
				TARGETED_DEVICE_FAMILY = 1;
			};
			name = Debug;
		};
		FABB9AFD222B372100D131E0 /* Release */ = {
			isa = XCBuildConfiguration;
			buildSettings = {
				ASSETCATALOG_COMPILER_APPICON_NAME = AppIcon;
				CODE_SIGN_STYLE = Automatic;
				DEVELOPMENT_TEAM = 529LRG4ZS2;
				INFOPLIST_FILE = "AmericanDream/Supporting Files/Info.plist";
				IPHONEOS_DEPLOYMENT_TARGET = 10.3;
				LD_RUNPATH_SEARCH_PATHS = (
					"$(inherited)",
					"@executable_path/Frameworks",
				);
				PRODUCT_BUNDLE_IDENTIFIER = fr.alexandreholet.AmericanDream;
				PRODUCT_NAME = "$(TARGET_NAME)";
				SWIFT_VERSION = 4.2;
				TARGETED_DEVICE_FAMILY = 1;
			};
			name = Release;
		};
/* End XCBuildConfiguration section */

/* Begin XCConfigurationList section */
		FA4CCEAF222C284C006C9967 /* Build configuration list for PBXNativeTarget "AmericanDreamTests" */ = {
			isa = XCConfigurationList;
			buildConfigurations = (
				FA4CCEAD222C284C006C9967 /* Debug */,
				FA4CCEAE222C284C006C9967 /* Release */,
			);
			defaultConfigurationIsVisible = 0;
			defaultConfigurationName = Release;
		};
		FABB9AE4222B372000D131E0 /* Build configuration list for PBXProject "AmericanDream" */ = {
			isa = XCConfigurationList;
			buildConfigurations = (
				FABB9AF9222B372100D131E0 /* Debug */,
				FABB9AFA222B372100D131E0 /* Release */,
			);
			defaultConfigurationIsVisible = 0;
			defaultConfigurationName = Release;
		};
		FABB9AFB222B372100D131E0 /* Build configuration list for PBXNativeTarget "AmericanDream" */ = {
			isa = XCConfigurationList;
			buildConfigurations = (
				FABB9AFC222B372100D131E0 /* Debug */,
				FABB9AFD222B372100D131E0 /* Release */,
			);
			defaultConfigurationIsVisible = 0;
			defaultConfigurationName = Release;
		};
/* End XCConfigurationList section */
	};
	rootObject = FABB9AE1222B372000D131E0 /* Project object */;
}
