// !$*UTF8*$!
{
	archiveVersion = 1;
	classes = {
	};
	objectVersion = 50;
	objects = {

/* Begin PBXBuildFile section */
		FA4CCEA1222C14D1006C9967 /* ExchangeRateService.swift in Sources */ = {isa = PBXBuildFile; fileRef = FA4CCEA0222C14D1006C9967 /* ExchangeRateService.swift */; };
		FABB9AED222B372000D131E0 /* AppDelegate.swift in Sources */ = {isa = PBXBuildFile; fileRef = FABB9AEC222B372000D131E0 /* AppDelegate.swift */; };
		FABB9AEF222B372000D131E0 /* ViewController.swift in Sources */ = {isa = PBXBuildFile; fileRef = FABB9AEE222B372000D131E0 /* ViewController.swift */; };
		FABB9AF2222B372000D131E0 /* Main.storyboard in Resources */ = {isa = PBXBuildFile; fileRef = FABB9AF0222B372000D131E0 /* Main.storyboard */; };
		FABB9AF4222B372100D131E0 /* Assets.xcassets in Resources */ = {isa = PBXBuildFile; fileRef = FABB9AF3222B372100D131E0 /* Assets.xcassets */; };
		FABB9AF7222B372100D131E0 /* LaunchScreen.storyboard in Resources */ = {isa = PBXBuildFile; fileRef = FABB9AF5222B372100D131E0 /* LaunchScreen.storyboard */; };
		FABB9B03222B3BC700D131E0 /* ExchangeRateViewController.swift in Sources */ = {isa = PBXBuildFile; fileRef = FABB9B02222B3BC700D131E0 /* ExchangeRateViewController.swift */; };
/* End PBXBuildFile section */

/* Begin PBXFileReference section */
		FA4CCEA0222C14D1006C9967 /* ExchangeRateService.swift */ = {isa = PBXFileReference; lastKnownFileType = sourcecode.swift; path = ExchangeRateService.swift; sourceTree = "<group>"; };
		FABB9AE9222B372000D131E0 /* AmericanDream.app */ = {isa = PBXFileReference; explicitFileType = wrapper.application; includeInIndex = 0; path = AmericanDream.app; sourceTree = BUILT_PRODUCTS_DIR; };
		FABB9AEC222B372000D131E0 /* AppDelegate.swift */ = {isa = PBXFileReference; lastKnownFileType = sourcecode.swift; path = AppDelegate.swift; sourceTree = "<group>"; };
		FABB9AEE222B372000D131E0 /* ViewController.swift */ = {isa = PBXFileReference; lastKnownFileType = sourcecode.swift; path = ViewController.swift; sourceTree = "<group>"; };
		FABB9AF1222B372000D131E0 /* Base */ = {isa = PBXFileReference; lastKnownFileType = file.storyboard; name = Base; path = Base.lproj/Main.storyboard; sourceTree = "<group>"; };
		FABB9AF3222B372100D131E0 /* Assets.xcassets */ = {isa = PBXFileReference; lastKnownFileType = folder.assetcatalog; path = Assets.xcassets; sourceTree = "<group>"; };
		FABB9AF6222B372100D131E0 /* Base */ = {isa = PBXFileReference; lastKnownFileType = file.storyboard; name = Base; path = Base.lproj/LaunchScreen.storyboard; sourceTree = "<group>"; };
		FABB9AF8222B372100D131E0 /* Info.plist */ = {isa = PBXFileReference; lastKnownFileType = text.plist.xml; path = Info.plist; sourceTree = "<group>"; };
		FABB9B02222B3BC700D131E0 /* ExchangeRateViewController.swift */ = {isa = PBXFileReference; lastKnownFileType = sourcecode.swift; path = ExchangeRateViewController.swift; sourceTree = "<group>"; };
/* End PBXFileReference section */

/* Begin PBXFrameworksBuildPhase section */
		FABB9AE6222B372000D131E0 /* Frameworks */ = {
			isa = PBXFrameworksBuildPhase;
			buildActionMask = 2147483647;
			files = (
			);
			runOnlyForDeploymentPostprocessing = 0;
		};
/* End PBXFrameworksBuildPhase section */

/* Begin PBXGroup section */
		FA4CCE9F222C14C3006C9967 /* Model */ = {
			isa = PBXGroup;
			children = (
				FA4CCEA0222C14D1006C9967 /* ExchangeRateService.swift */,
			);
			path = Model;
			sourceTree = "<group>";
		};
		FABB9AE0222B372000D131E0 = {
			isa = PBXGroup;
			children = (
				FABB9AEB222B372000D131E0 /* AmericanDream */,
				FABB9AEA222B372000D131E0 /* Products */,
			);
			sourceTree = "<group>";
		};
		FABB9AEA222B372000D131E0 /* Products */ = {
			isa = PBXGroup;
			children = (
				FABB9AE9222B372000D131E0 /* AmericanDream.app */,
			);
			name = Products;
			sourceTree = "<group>";
		};
		FABB9AEB222B372000D131E0 /* AmericanDream */ = {
			isa = PBXGroup;
			children = (
				FA4CCE9F222C14C3006C9967 /* Model */,
				FABB9B00222B373A00D131E0 /* View */,
				FABB9AFF222B373200D131E0 /* Controller */,
				FABB9B01222B374A00D131E0 /* Supporting Files */,
			);
			path = AmericanDream;
			sourceTree = "<group>";
		};
		FABB9AFF222B373200D131E0 /* Controller */ = {
			isa = PBXGroup;
			children = (
				FABB9AEE222B372000D131E0 /* ViewController.swift */,
				FABB9B02222B3BC700D131E0 /* ExchangeRateViewController.swift */,
			);
			path = Controller;
			sourceTree = "<group>";
		};
		FABB9B00222B373A00D131E0 /* View */ = {
			isa = PBXGroup;
			children = (
				FABB9AF0222B372000D131E0 /* Main.storyboard */,
				FABB9AF5222B372100D131E0 /* LaunchScreen.storyboard */,
			);
			path = View;
			sourceTree = "<group>";
		};
		FABB9B01222B374A00D131E0 /* Supporting Files */ = {
			isa = PBXGroup;
			children = (
				FABB9AEC222B372000D131E0 /* AppDelegate.swift */,
				FABB9AF3222B372100D131E0 /* Assets.xcassets */,
				FABB9AF8222B372100D131E0 /* Info.plist */,
			);
			path = "Supporting Files";
			sourceTree = "<group>";
		};
/* End PBXGroup section */

/* Begin PBXNativeTarget section */
		FABB9AE8222B372000D131E0 /* AmericanDream */ = {
			isa = PBXNativeTarget;
			buildConfigurationList = FABB9AFB222B372100D131E0 /* Build configuration list for PBXNativeTarget "AmericanDream" */;
			buildPhases = (
				FABB9AE5222B372000D131E0 /* Sources */,
				FABB9AE6222B372000D131E0 /* Frameworks */,
				FABB9AE7222B372000D131E0 /* Resources */,
			);
			buildRules = (
			);
			dependencies = (
			);
			name = AmericanDream;
			productName = AmericanDream;
			productReference = FABB9AE9222B372000D131E0 /* AmericanDream.app */;
			productType = "com.apple.product-type.application";
		};
/* End PBXNativeTarget section */

/* Begin PBXProject section */
		FABB9AE1222B372000D131E0 /* Project object */ = {
			isa = PBXProject;
			attributes = {
				LastSwiftUpdateCheck = 1010;
				LastUpgradeCheck = 1010;
				ORGANIZATIONNAME = "Alexandre Holet";
				TargetAttributes = {
					FABB9AE8222B372000D131E0 = {
						CreatedOnToolsVersion = 10.1;
					};
				};
			};
			buildConfigurationList = FABB9AE4222B372000D131E0 /* Build configuration list for PBXProject "AmericanDream" */;
			compatibilityVersion = "Xcode 9.3";
			developmentRegion = en;
			hasScannedForEncodings = 0;
			knownRegions = (
				en,
				Base,
			);
			mainGroup = FABB9AE0222B372000D131E0;
			productRefGroup = FABB9AEA222B372000D131E0 /* Products */;
			projectDirPath = "";
			projectRoot = "";
			targets = (
				FABB9AE8222B372000D131E0 /* AmericanDream */,
			);
		};
/* End PBXProject section */

/* Begin PBXResourcesBuildPhase section */
		FABB9AE7222B372000D131E0 /* Resources */ = {
			isa = PBXResourcesBuildPhase;
			buildActionMask = 2147483647;
			files = (
				FABB9AF7222B372100D131E0 /* LaunchScreen.storyboard in Resources */,
				FABB9AF4222B372100D131E0 /* Assets.xcassets in Resources */,
				FABB9AF2222B372000D131E0 /* Main.storyboard in Resources */,
			);
			runOnlyForDeploymentPostprocessing = 0;
		};
/* End PBXResourcesBuildPhase section */

/* Begin PBXSourcesBuildPhase section */
		FABB9AE5222B372000D131E0 /* Sources */ = {
			isa = PBXSourcesBuildPhase;
			buildActionMask = 2147483647;
			files = (
				FA4CCEA1222C14D1006C9967 /* ExchangeRateService.swift in Sources */,
				FABB9B03222B3BC700D131E0 /* ExchangeRateViewController.swift in Sources */,
				FABB9AEF222B372000D131E0 /* ViewController.swift in Sources */,
				FABB9AED222B372000D131E0 /* AppDelegate.swift in Sources */,
			);
			runOnlyForDeploymentPostprocessing = 0;
		};
/* End PBXSourcesBuildPhase section */

/* Begin PBXVariantGroup section */
		FABB9AF0222B372000D131E0 /* Main.storyboard */ = {
			isa = PBXVariantGroup;
			children = (
				FABB9AF1222B372000D131E0 /* Base */,
			);
			name = Main.storyboard;
			sourceTree = "<group>";
		};
		FABB9AF5222B372100D131E0 /* LaunchScreen.storyboard */ = {
			isa = PBXVariantGroup;
			children = (
				FABB9AF6222B372100D131E0 /* Base */,
			);
			name = LaunchScreen.storyboard;
			sourceTree = "<group>";
		};
/* End PBXVariantGroup section */

/* Begin XCBuildConfiguration section */
		FABB9AF9222B372100D131E0 /* Debug */ = {
			isa = XCBuildConfiguration;
			buildSettings = {
				ALWAYS_SEARCH_USER_PATHS = NO;
				CLANG_ANALYZER_NONNULL = YES;
				CLANG_ANALYZER_NUMBER_OBJECT_CONVERSION = YES_AGGRESSIVE;
				CLANG_CXX_LANGUAGE_STANDARD = "gnu++14";
				CLANG_CXX_LIBRARY = "libc++";
				CLANG_ENABLE_MODULES = YES;
				CLANG_ENABLE_OBJC_ARC = YES;
				CLANG_ENABLE_OBJC_WEAK = YES;
				CLANG_WARN_BLOCK_CAPTURE_AUTORELEASING = YES;
				CLANG_WARN_BOOL_CONVERSION = YES;
				CLANG_WARN_COMMA = YES;
				CLANG_WARN_CONSTANT_CONVERSION = YES;
				CLANG_WARN_DEPRECATED_OBJC_IMPLEMENTATIONS = YES;
				CLANG_WARN_DIRECT_OBJC_ISA_USAGE = YES_ERROR;
				CLANG_WARN_DOCUMENTATION_COMMENTS = YES;
				CLANG_WARN_EMPTY_BODY = YES;
				CLANG_WARN_ENUM_CONVERSION = YES;
				CLANG_WARN_INFINITE_RECURSION = YES;
				CLANG_WARN_INT_CONVERSION = YES;
				CLANG_WARN_NON_LITERAL_NULL_CONVERSION = YES;
				CLANG_WARN_OBJC_IMPLICIT_RETAIN_SELF = YES;
				CLANG_WARN_OBJC_LITERAL_CONVERSION = YES;
				CLANG_WARN_OBJC_ROOT_CLASS = YES_ERROR;
				CLANG_WARN_RANGE_LOOP_ANALYSIS = YES;
				CLANG_WARN_STRICT_PROTOTYPES = YES;
				CLANG_WARN_SUSPICIOUS_MOVE = YES;
				CLANG_WARN_UNGUARDED_AVAILABILITY = YES_AGGRESSIVE;
				CLANG_WARN_UNREACHABLE_CODE = YES;
				CLANG_WARN__DUPLICATE_METHOD_MATCH = YES;
				CODE_SIGN_IDENTITY = "iPhone Developer";
				COPY_PHASE_STRIP = NO;
				DEBUG_INFORMATION_FORMAT = dwarf;
				ENABLE_STRICT_OBJC_MSGSEND = YES;
				ENABLE_TESTABILITY = YES;
				GCC_C_LANGUAGE_STANDARD = gnu11;
				GCC_DYNAMIC_NO_PIC = NO;
				GCC_NO_COMMON_BLOCKS = YES;
				GCC_OPTIMIZATION_LEVEL = 0;
				GCC_PREPROCESSOR_DEFINITIONS = (
					"DEBUG=1",
					"$(inherited)",
				);
				GCC_WARN_64_TO_32_BIT_CONVERSION = YES;
				GCC_WARN_ABOUT_RETURN_TYPE = YES_ERROR;
				GCC_WARN_UNDECLARED_SELECTOR = YES;
				GCC_WARN_UNINITIALIZED_AUTOS = YES_AGGRESSIVE;
				GCC_WARN_UNUSED_FUNCTION = YES;
				GCC_WARN_UNUSED_VARIABLE = YES;
				IPHONEOS_DEPLOYMENT_TARGET = 12.1;
				MTL_ENABLE_DEBUG_INFO = INCLUDE_SOURCE;
				MTL_FAST_MATH = YES;
				ONLY_ACTIVE_ARCH = YES;
				SDKROOT = iphoneos;
				SWIFT_ACTIVE_COMPILATION_CONDITIONS = DEBUG;
				SWIFT_OPTIMIZATION_LEVEL = "-Onone";
			};
			name = Debug;
		};
		FABB9AFA222B372100D131E0 /* Release */ = {
			isa = XCBuildConfiguration;
			buildSettings = {
				ALWAYS_SEARCH_USER_PATHS = NO;
				CLANG_ANALYZER_NONNULL = YES;
				CLANG_ANALYZER_NUMBER_OBJECT_CONVERSION = YES_AGGRESSIVE;
				CLANG_CXX_LANGUAGE_STANDARD = "gnu++14";
				CLANG_CXX_LIBRARY = "libc++";
				CLANG_ENABLE_MODULES = YES;
				CLANG_ENABLE_OBJC_ARC = YES;
				CLANG_ENABLE_OBJC_WEAK = YES;
				CLANG_WARN_BLOCK_CAPTURE_AUTORELEASING = YES;
				CLANG_WARN_BOOL_CONVERSION = YES;
				CLANG_WARN_COMMA = YES;
				CLANG_WARN_CONSTANT_CONVERSION = YES;
				CLANG_WARN_DEPRECATED_OBJC_IMPLEMENTATIONS = YES;
				CLANG_WARN_DIRECT_OBJC_ISA_USAGE = YES_ERROR;
				CLANG_WARN_DOCUMENTATION_COMMENTS = YES;
				CLANG_WARN_EMPTY_BODY = YES;
				CLANG_WARN_ENUM_CONVERSION = YES;
				CLANG_WARN_INFINITE_RECURSION = YES;
				CLANG_WARN_INT_CONVERSION = YES;
				CLANG_WARN_NON_LITERAL_NULL_CONVERSION = YES;
				CLANG_WARN_OBJC_IMPLICIT_RETAIN_SELF = YES;
				CLANG_WARN_OBJC_LITERAL_CONVERSION = YES;
				CLANG_WARN_OBJC_ROOT_CLASS = YES_ERROR;
				CLANG_WARN_RANGE_LOOP_ANALYSIS = YES;
				CLANG_WARN_STRICT_PROTOTYPES = YES;
				CLANG_WARN_SUSPICIOUS_MOVE = YES;
				CLANG_WARN_UNGUARDED_AVAILABILITY = YES_AGGRESSIVE;
				CLANG_WARN_UNREACHABLE_CODE = YES;
				CLANG_WARN__DUPLICATE_METHOD_MATCH = YES;
				CODE_SIGN_IDENTITY = "iPhone Developer";
				COPY_PHASE_STRIP = NO;
				DEBUG_INFORMATION_FORMAT = "dwarf-with-dsym";
				ENABLE_NS_ASSERTIONS = NO;
				ENABLE_STRICT_OBJC_MSGSEND = YES;
				GCC_C_LANGUAGE_STANDARD = gnu11;
				GCC_NO_COMMON_BLOCKS = YES;
				GCC_WARN_64_TO_32_BIT_CONVERSION = YES;
				GCC_WARN_ABOUT_RETURN_TYPE = YES_ERROR;
				GCC_WARN_UNDECLARED_SELECTOR = YES;
				GCC_WARN_UNINITIALIZED_AUTOS = YES_AGGRESSIVE;
				GCC_WARN_UNUSED_FUNCTION = YES;
				GCC_WARN_UNUSED_VARIABLE = YES;
				IPHONEOS_DEPLOYMENT_TARGET = 12.1;
				MTL_ENABLE_DEBUG_INFO = NO;
				MTL_FAST_MATH = YES;
				SDKROOT = iphoneos;
				SWIFT_COMPILATION_MODE = wholemodule;
				SWIFT_OPTIMIZATION_LEVEL = "-O";
				VALIDATE_PRODUCT = YES;
			};
			name = Release;
		};
		FABB9AFC222B372100D131E0 /* Debug */ = {
			isa = XCBuildConfiguration;
			buildSettings = {
				ASSETCATALOG_COMPILER_APPICON_NAME = AppIcon;
				CODE_SIGN_STYLE = Automatic;
				DEVELOPMENT_TEAM = 529LRG4ZS2;
				INFOPLIST_FILE = "AmericanDream/Supporting Files/Info.plist";
				IPHONEOS_DEPLOYMENT_TARGET = 10.3;
				LD_RUNPATH_SEARCH_PATHS = (
					"$(inherited)",
					"@executable_path/Frameworks",
				);
				PRODUCT_BUNDLE_IDENTIFIER = fr.alexandreholet.AmericanDream;
				PRODUCT_NAME = "$(TARGET_NAME)";
				SWIFT_VERSION = 4.2;
				TARGETED_DEVICE_FAMILY = 1;
			};
			name = Debug;
		};
		FABB9AFD222B372100D131E0 /* Release */ = {
			isa = XCBuildConfiguration;
			buildSettings = {
				ASSETCATALOG_COMPILER_APPICON_NAME = AppIcon;
				CODE_SIGN_STYLE = Automatic;
				DEVELOPMENT_TEAM = 529LRG4ZS2;
				INFOPLIST_FILE = "AmericanDream/Supporting Files/Info.plist";
				IPHONEOS_DEPLOYMENT_TARGET = 10.3;
				LD_RUNPATH_SEARCH_PATHS = (
					"$(inherited)",
					"@executable_path/Frameworks",
				);
				PRODUCT_BUNDLE_IDENTIFIER = fr.alexandreholet.AmericanDream;
				PRODUCT_NAME = "$(TARGET_NAME)";
				SWIFT_VERSION = 4.2;
				TARGETED_DEVICE_FAMILY = 1;
			};
			name = Release;
		};
/* End XCBuildConfiguration section */

/* Begin XCConfigurationList section */
		FABB9AE4222B372000D131E0 /* Build configuration list for PBXProject "AmericanDream" */ = {
			isa = XCConfigurationList;
			buildConfigurations = (
				FABB9AF9222B372100D131E0 /* Debug */,
				FABB9AFA222B372100D131E0 /* Release */,
			);
			defaultConfigurationIsVisible = 0;
			defaultConfigurationName = Release;
		};
		FABB9AFB222B372100D131E0 /* Build configuration list for PBXNativeTarget "AmericanDream" */ = {
			isa = XCConfigurationList;
			buildConfigurations = (
				FABB9AFC222B372100D131E0 /* Debug */,
				FABB9AFD222B372100D131E0 /* Release */,
			);
			defaultConfigurationIsVisible = 0;
			defaultConfigurationName = Release;
		};
/* End XCConfigurationList section */
	};
	rootObject = FABB9AE1222B372000D131E0 /* Project object */;
}
